
Microsoft Visual Studio Solution File, Format Version 12.00
# Visual Studio 15
VisualStudioVersion = 15.0.27130.2024
MinimumVisualStudioVersion = 10.0.40219.1
Project("{FAE04EC0-301F-11D3-BF4B-00C04F79EFBC}") = "DapperConsolaVS2017", "DapperConsolaVS2017.csproj", "{91046711-C89E-4479-B569-78D562A0317B}"
EndProject
Global
	GlobalSection(SolutionConfigurationPlatforms) = preSolution
		Debug|Any CPU = Debug|Any CPU
		Release|Any CPU = Release|Any CPU
	EndGlobalSection
	GlobalSection(ProjectConfigurationPlatforms) = postSolution
		{91046711-C89E-4479-B569-78D562A0317B}.Debug|Any CPU.ActiveCfg = Debug|Any CPU
		{91046711-C89E-4479-B569-78D562A0317B}.Debug|Any CPU.Build.0 = Debug|Any CPU
		{91046711-C89E-4479-B569-78D562A0317B}.Release|Any CPU.ActiveCfg = Release|Any CPU
		{91046711-C89E-4479-B569-78D562A0317B}.Release|Any CPU.Build.0 = Release|Any CPU
	EndGlobalSection
	GlobalSection(SolutionProperties) = preSolution
		HideSolutionNode = FALSE
	EndGlobalSection
	GlobalSection(ExtensibilityGlobals) = postSolution
		SolutionGuid = {FD64E7DF-6824-417E-ACCD-99CCCDD32C4B}
	EndGlobalSection
EndGlobal
